
Microsoft Visual Studio Solution File, Format Version 12.00
# Visual Studio Version 16
VisualStudioVersion = 16.0.30320.27
MinimumVisualStudioVersion = 10.0.40219.1
Project("{FAE04EC0-301F-11D3-BF4B-00C04F79EFBC}") = "WebApi", "WebApi\WebApi.csproj", "{268C462A-B1C9-4447-89BE-89D1CABC9E3B}"
EndProject
Project("{FAE04EC0-301F-11D3-BF4B-00C04F79EFBC}") = "Entities", "Entities\Entities.csproj", "{E610552A-B713-47FE-BAC4-CDAB124BFC4B}"
EndProject
Project("{FAE04EC0-301F-11D3-BF4B-00C04F79EFBC}") = "Core", "Core\Core.csproj", "{D71D7498-B450-484C-A290-627E1E984690}"
EndProject
Global
	GlobalSection(SolutionConfigurationPlatforms) = preSolution
		Debug|Any CPU = Debug|Any CPU
		Release|Any CPU = Release|Any CPU
	EndGlobalSection
	GlobalSection(ProjectConfigurationPlatforms) = postSolution
		{268C462A-B1C9-4447-89BE-89D1CABC9E3B}.Debug|Any CPU.ActiveCfg = Debug|Any CPU
		{268C462A-B1C9-4447-89BE-89D1CABC9E3B}.Debug|Any CPU.Build.0 = Debug|Any CPU
		{268C462A-B1C9-4447-89BE-89D1CABC9E3B}.Release|Any CPU.ActiveCfg = Release|Any CPU
		{268C462A-B1C9-4447-89BE-89D1CABC9E3B}.Release|Any CPU.Build.0 = Release|Any CPU
		{E610552A-B713-47FE-BAC4-CDAB124BFC4B}.Debug|Any CPU.ActiveCfg = Debug|Any CPU
		{E610552A-B713-47FE-BAC4-CDAB124BFC4B}.Debug|Any CPU.Build.0 = Debug|Any CPU
		{E610552A-B713-47FE-BAC4-CDAB124BFC4B}.Release|Any CPU.ActiveCfg = Release|Any CPU
		{E610552A-B713-47FE-BAC4-CDAB124BFC4B}.Release|Any CPU.Build.0 = Release|Any CPU
		{D71D7498-B450-484C-A290-627E1E984690}.Debug|Any CPU.ActiveCfg = Debug|Any CPU
		{D71D7498-B450-484C-A290-627E1E984690}.Debug|Any CPU.Build.0 = Debug|Any CPU
		{D71D7498-B450-484C-A290-627E1E984690}.Release|Any CPU.ActiveCfg = Release|Any CPU
		{D71D7498-B450-484C-A290-627E1E984690}.Release|Any CPU.Build.0 = Release|Any CPU
	EndGlobalSection
	GlobalSection(SolutionProperties) = preSolution
		HideSolutionNode = FALSE
	EndGlobalSection
	GlobalSection(ExtensibilityGlobals) = postSolution
		SolutionGuid = {61BF1105-910A-49AC-9E45-81C73613A526}
	EndGlobalSection
EndGlobal
